
Microsoft Visual Studio Solution File, Format Version 12.00
# Visual Studio Version 16
VisualStudioVersion = 16.0.32126.315
MinimumVisualStudioVersion = 10.0.40219.1
Project("{FAE04EC0-301F-11D3-BF4B-00C04F79EFBC}") = "Attendance Management System Client", "Attendance Management System Client\Attendance Management System Client.csproj", "{3564A214-D1F7-4D8C-811E-D1F40B4A0AF7}"
EndProject
Global
	GlobalSection(SolutionConfigurationPlatforms) = preSolution
		Debug|Any CPU = Debug|Any CPU
		Release|Any CPU = Release|Any CPU
	EndGlobalSection
	GlobalSection(ProjectConfigurationPlatforms) = postSolution
		{3564A214-D1F7-4D8C-811E-D1F40B4A0AF7}.Debug|Any CPU.ActiveCfg = Debug|Any CPU
		{3564A214-D1F7-4D8C-811E-D1F40B4A0AF7}.Debug|Any CPU.Build.0 = Debug|Any CPU
		{3564A214-D1F7-4D8C-811E-D1F40B4A0AF7}.Release|Any CPU.ActiveCfg = Release|Any CPU
		{3564A214-D1F7-4D8C-811E-D1F40B4A0AF7}.Release|Any CPU.Build.0 = Release|Any CPU
	EndGlobalSection
	GlobalSection(SolutionProperties) = preSolution
		HideSolutionNode = FALSE
	EndGlobalSection
	GlobalSection(ExtensibilityGlobals) = postSolution
		SolutionGuid = {90B0BBD7-76EF-4D04-BBE9-91E844B0549A}
	EndGlobalSection
EndGlobal
